
Microsoft Visual Studio Solution File, Format Version 12.00
# Visual Studio Version 17
VisualStudioVersion = 17.11.35208.52
MinimumVisualStudioVersion = 10.0.40219.1
Project("{9A19103F-16F7-4668-BE54-9A1E7A4F7556}") = "Sinon_Factory", "Sinon_Factory.csproj", "{5A280BA7-E9C0-4B1C-BA0E-695514F007D2}"
EndProject
Global
	GlobalSection(SolutionConfigurationPlatforms) = preSolution
		Debug|Any CPU = Debug|Any CPU
		Release|Any CPU = Release|Any CPU
	EndGlobalSection
	GlobalSection(ProjectConfigurationPlatforms) = postSolution
		{5A280BA7-E9C0-4B1C-BA0E-695514F007D2}.Debug|Any CPU.ActiveCfg = Debug|Any CPU
		{5A280BA7-E9C0-4B1C-BA0E-695514F007D2}.Debug|Any CPU.Build.0 = Debug|Any CPU
		{5A280BA7-E9C0-4B1C-BA0E-695514F007D2}.Release|Any CPU.ActiveCfg = Release|Any CPU
		{5A280BA7-E9C0-4B1C-BA0E-695514F007D2}.Release|Any CPU.Build.0 = Release|Any CPU
	EndGlobalSection
	GlobalSection(SolutionProperties) = preSolution
		HideSolutionNode = FALSE
	EndGlobalSection
	GlobalSection(ExtensibilityGlobals) = postSolution
		SolutionGuid = {2A2236AA-282D-404C-91CA-01D946A41FE0}
	EndGlobalSection
EndGlobal
